
Microsoft Visual Studio Solution File, Format Version 12.00
# Visual Studio 2012
Project("{FAE04EC0-301F-11D3-BF4B-00C04F79EFBC}") = "WebApplication1", "WebApplication1\WebApplication1.csproj", "{8547A8B2-C27E-444A-ABBC-895EC0612BB0}"
EndProject
Project("{FAE04EC0-301F-11D3-BF4B-00C04F79EFBC}") = "controls", "controls\controls.csproj", "{BBA0ADA4-1492-4996-AFCB-BFB13264D3C3}"
EndProject
Global
	GlobalSection(SolutionConfigurationPlatforms) = preSolution
		Debug|Any CPU = Debug|Any CPU
		Release|Any CPU = Release|Any CPU
	EndGlobalSection
	GlobalSection(ProjectConfigurationPlatforms) = postSolution
		{8547A8B2-C27E-444A-ABBC-895EC0612BB0}.Debug|Any CPU.ActiveCfg = Debug|Any CPU
		{8547A8B2-C27E-444A-ABBC-895EC0612BB0}.Debug|Any CPU.Build.0 = Debug|Any CPU
		{8547A8B2-C27E-444A-ABBC-895EC0612BB0}.Release|Any CPU.ActiveCfg = Release|Any CPU
		{8547A8B2-C27E-444A-ABBC-895EC0612BB0}.Release|Any CPU.Build.0 = Release|Any CPU
		{BBA0ADA4-1492-4996-AFCB-BFB13264D3C3}.Debug|Any CPU.ActiveCfg = Debug|Any CPU
		{BBA0ADA4-1492-4996-AFCB-BFB13264D3C3}.Debug|Any CPU.Build.0 = Debug|Any CPU
		{BBA0ADA4-1492-4996-AFCB-BFB13264D3C3}.Release|Any CPU.ActiveCfg = Release|Any CPU
		{BBA0ADA4-1492-4996-AFCB-BFB13264D3C3}.Release|Any CPU.Build.0 = Release|Any CPU
	EndGlobalSection
	GlobalSection(SolutionProperties) = preSolution
		HideSolutionNode = FALSE
	EndGlobalSection
EndGlobal
