
Microsoft Visual Studio Solution File, Format Version 12.00
# Visual Studio 2012
Project("{FAE04EC0-301F-11D3-BF4B-00C04F79EFBC}") = "CodedUITest", "CodedUITest\CodedUITest.csproj", "{9B2A08A0-E7B3-4287-B07B-D4A3AFE76C99}"
EndProject
Project("{FAE04EC0-301F-11D3-BF4B-00C04F79EFBC}") = "tst", "tst\tst.csproj", "{6616DAAE-D32C-4B69-9F3F-F007C8F69F4A}"
EndProject
Global
	GlobalSection(SolutionConfigurationPlatforms) = preSolution
		Debug|Any CPU = Debug|Any CPU
		Release|Any CPU = Release|Any CPU
	EndGlobalSection
	GlobalSection(ProjectConfigurationPlatforms) = postSolution
		{9B2A08A0-E7B3-4287-B07B-D4A3AFE76C99}.Debug|Any CPU.ActiveCfg = Debug|Any CPU
		{9B2A08A0-E7B3-4287-B07B-D4A3AFE76C99}.Debug|Any CPU.Build.0 = Debug|Any CPU
		{9B2A08A0-E7B3-4287-B07B-D4A3AFE76C99}.Release|Any CPU.ActiveCfg = Release|Any CPU
		{9B2A08A0-E7B3-4287-B07B-D4A3AFE76C99}.Release|Any CPU.Build.0 = Release|Any CPU
		{6616DAAE-D32C-4B69-9F3F-F007C8F69F4A}.Debug|Any CPU.ActiveCfg = Debug|Any CPU
		{6616DAAE-D32C-4B69-9F3F-F007C8F69F4A}.Debug|Any CPU.Build.0 = Debug|Any CPU
		{6616DAAE-D32C-4B69-9F3F-F007C8F69F4A}.Release|Any CPU.ActiveCfg = Release|Any CPU
		{6616DAAE-D32C-4B69-9F3F-F007C8F69F4A}.Release|Any CPU.Build.0 = Release|Any CPU
	EndGlobalSection
	GlobalSection(SolutionProperties) = preSolution
		HideSolutionNode = FALSE
	EndGlobalSection
EndGlobal
