
Microsoft Visual Studio Solution File, Format Version 12.00
# Visual Studio 2012
Project("{8BC9CEB8-8B4A-11D0-8D11-00A0C91BC942}") = "oop busnes prg", "oop busnes prg\oop busnes prg.vcxproj", "{1A73C8B5-D9C9-42BF-9DD0-D2B6EA9B290D}"
EndProject
Global
	GlobalSection(SolutionConfigurationPlatforms) = preSolution
		Debug|Win32 = Debug|Win32
		Release|Win32 = Release|Win32
	EndGlobalSection
	GlobalSection(ProjectConfigurationPlatforms) = postSolution
		{1A73C8B5-D9C9-42BF-9DD0-D2B6EA9B290D}.Debug|Win32.ActiveCfg = Debug|Win32
		{1A73C8B5-D9C9-42BF-9DD0-D2B6EA9B290D}.Debug|Win32.Build.0 = Debug|Win32
		{1A73C8B5-D9C9-42BF-9DD0-D2B6EA9B290D}.Release|Win32.ActiveCfg = Release|Win32
		{1A73C8B5-D9C9-42BF-9DD0-D2B6EA9B290D}.Release|Win32.Build.0 = Release|Win32
	EndGlobalSection
	GlobalSection(SolutionProperties) = preSolution
		HideSolutionNode = FALSE
	EndGlobalSection
EndGlobal
