
Microsoft Visual Studio Solution File, Format Version 12.00
# Visual Studio 2012
Project("{FAE04EC0-301F-11D3-BF4B-00C04F79EFBC}") = "ControlExamples", "ControlExamples\ControlExamples.csproj", "{A7C95572-58C5-46F5-A897-6893AEAE932B}"
EndProject
Project("{FAE04EC0-301F-11D3-BF4B-00C04F79EFBC}") = "TaxiOnline", "regform\TaxiOnline.csproj", "{6B3D0050-42A4-4A17-8863-176DAE45A800}"
EndProject
Project("{FAE04EC0-301F-11D3-BF4B-00C04F79EFBC}") = "AcademyDBLib", "E:\svn\WebForms\CodeSamples\Controls\AcademyDBLib\AcademyDBLib.csproj", "{4C42F0A1-BA1F-40DA-A0CE-8F84A189C602}"
EndProject
Project("{FAE04EC0-301F-11D3-BF4B-00C04F79EFBC}") = "CodeFirst", "CodeFirst\CodeFirst.csproj", "{794ACBB4-ABA2-42EE-82FD-BA1B3B685888}"
EndProject
Project("{FAE04EC0-301F-11D3-BF4B-00C04F79EFBC}") = "managerDll", "managerDll\managerDll.csproj", "{E7BE1B7C-42B8-430B-AB18-CAF62F61EB99}"
EndProject
Project("{FAE04EC0-301F-11D3-BF4B-00C04F79EFBC}") = "MvcClientSite", "MvcClientSite\MvcClientSite.csproj", "{F233AF88-4F3D-485B-B4EC-25895EB9CEBB}"
EndProject
Global
	GlobalSection(SolutionConfigurationPlatforms) = preSolution
		Debug|Any CPU = Debug|Any CPU
		Release|Any CPU = Release|Any CPU
	EndGlobalSection
	GlobalSection(ProjectConfigurationPlatforms) = postSolution
		{A7C95572-58C5-46F5-A897-6893AEAE932B}.Debug|Any CPU.ActiveCfg = Debug|Any CPU
		{A7C95572-58C5-46F5-A897-6893AEAE932B}.Debug|Any CPU.Build.0 = Debug|Any CPU
		{A7C95572-58C5-46F5-A897-6893AEAE932B}.Release|Any CPU.ActiveCfg = Release|Any CPU
		{A7C95572-58C5-46F5-A897-6893AEAE932B}.Release|Any CPU.Build.0 = Release|Any CPU
		{6B3D0050-42A4-4A17-8863-176DAE45A800}.Debug|Any CPU.ActiveCfg = Debug|Any CPU
		{6B3D0050-42A4-4A17-8863-176DAE45A800}.Debug|Any CPU.Build.0 = Debug|Any CPU
		{6B3D0050-42A4-4A17-8863-176DAE45A800}.Release|Any CPU.ActiveCfg = Release|Any CPU
		{6B3D0050-42A4-4A17-8863-176DAE45A800}.Release|Any CPU.Build.0 = Release|Any CPU
		{4C42F0A1-BA1F-40DA-A0CE-8F84A189C602}.Debug|Any CPU.ActiveCfg = Debug|Any CPU
		{4C42F0A1-BA1F-40DA-A0CE-8F84A189C602}.Debug|Any CPU.Build.0 = Debug|Any CPU
		{4C42F0A1-BA1F-40DA-A0CE-8F84A189C602}.Release|Any CPU.ActiveCfg = Release|Any CPU
		{4C42F0A1-BA1F-40DA-A0CE-8F84A189C602}.Release|Any CPU.Build.0 = Release|Any CPU
		{794ACBB4-ABA2-42EE-82FD-BA1B3B685888}.Debug|Any CPU.ActiveCfg = Debug|Any CPU
		{794ACBB4-ABA2-42EE-82FD-BA1B3B685888}.Debug|Any CPU.Build.0 = Debug|Any CPU
		{794ACBB4-ABA2-42EE-82FD-BA1B3B685888}.Release|Any CPU.ActiveCfg = Release|Any CPU
		{794ACBB4-ABA2-42EE-82FD-BA1B3B685888}.Release|Any CPU.Build.0 = Release|Any CPU
		{E7BE1B7C-42B8-430B-AB18-CAF62F61EB99}.Debug|Any CPU.ActiveCfg = Debug|Any CPU
		{E7BE1B7C-42B8-430B-AB18-CAF62F61EB99}.Debug|Any CPU.Build.0 = Debug|Any CPU
		{E7BE1B7C-42B8-430B-AB18-CAF62F61EB99}.Release|Any CPU.ActiveCfg = Release|Any CPU
		{E7BE1B7C-42B8-430B-AB18-CAF62F61EB99}.Release|Any CPU.Build.0 = Release|Any CPU
		{F233AF88-4F3D-485B-B4EC-25895EB9CEBB}.Debug|Any CPU.ActiveCfg = Debug|Any CPU
		{F233AF88-4F3D-485B-B4EC-25895EB9CEBB}.Debug|Any CPU.Build.0 = Debug|Any CPU
		{F233AF88-4F3D-485B-B4EC-25895EB9CEBB}.Release|Any CPU.ActiveCfg = Release|Any CPU
		{F233AF88-4F3D-485B-B4EC-25895EB9CEBB}.Release|Any CPU.Build.0 = Release|Any CPU
	EndGlobalSection
	GlobalSection(SolutionProperties) = preSolution
		HideSolutionNode = FALSE
	EndGlobalSection
EndGlobal
