
Microsoft Visual Studio Solution File, Format Version 12.00
# Visual Studio 2012
Project("{FAE04EC0-301F-11D3-BF4B-00C04F79EFBC}") = "08.06.15Home", "08.06.15Home\08.06.15Home.csproj", "{0BEC50B5-B846-41EC-B111-B4F5E5CC206D}"
EndProject
Global
	GlobalSection(SolutionConfigurationPlatforms) = preSolution
		Debug|Any CPU = Debug|Any CPU
		Release|Any CPU = Release|Any CPU
	EndGlobalSection
	GlobalSection(ProjectConfigurationPlatforms) = postSolution
		{0BEC50B5-B846-41EC-B111-B4F5E5CC206D}.Debug|Any CPU.ActiveCfg = Debug|Any CPU
		{0BEC50B5-B846-41EC-B111-B4F5E5CC206D}.Debug|Any CPU.Build.0 = Debug|Any CPU
		{0BEC50B5-B846-41EC-B111-B4F5E5CC206D}.Release|Any CPU.ActiveCfg = Release|Any CPU
		{0BEC50B5-B846-41EC-B111-B4F5E5CC206D}.Release|Any CPU.Build.0 = Release|Any CPU
	EndGlobalSection
	GlobalSection(SolutionProperties) = preSolution
		HideSolutionNode = FALSE
	EndGlobalSection
EndGlobal
