
Microsoft Visual Studio Solution File, Format Version 12.00
# Visual Studio 2012
Project("{FAE04EC0-301F-11D3-BF4B-00C04F79EFBC}") = "PcFactory", "PcFactory\PcFactory.csproj", "{DADE3BCC-E765-42EA-8C1A-0ECFC0BC02FD}"
EndProject
Global
	GlobalSection(SolutionConfigurationPlatforms) = preSolution
		Debug|Any CPU = Debug|Any CPU
		Release|Any CPU = Release|Any CPU
	EndGlobalSection
	GlobalSection(ProjectConfigurationPlatforms) = postSolution
		{DADE3BCC-E765-42EA-8C1A-0ECFC0BC02FD}.Debug|Any CPU.ActiveCfg = Debug|Any CPU
		{DADE3BCC-E765-42EA-8C1A-0ECFC0BC02FD}.Debug|Any CPU.Build.0 = Debug|Any CPU
		{DADE3BCC-E765-42EA-8C1A-0ECFC0BC02FD}.Release|Any CPU.ActiveCfg = Release|Any CPU
		{DADE3BCC-E765-42EA-8C1A-0ECFC0BC02FD}.Release|Any CPU.Build.0 = Release|Any CPU
	EndGlobalSection
	GlobalSection(SolutionProperties) = preSolution
		HideSolutionNode = FALSE
	EndGlobalSection
EndGlobal
