
Microsoft Visual Studio Solution File, Format Version 12.00
# Visual Studio 2012
Project("{FAE04EC0-301F-11D3-BF4B-00C04F79EFBC}") = "class02.06.14-2", "class02.06.14-2\class02.06.14-2.csproj", "{F7DA7B34-A69D-431F-A7CA-22DD623432C9}"
EndProject
Global
	GlobalSection(SolutionConfigurationPlatforms) = preSolution
		Debug|Any CPU = Debug|Any CPU
		Release|Any CPU = Release|Any CPU
	EndGlobalSection
	GlobalSection(ProjectConfigurationPlatforms) = postSolution
		{F7DA7B34-A69D-431F-A7CA-22DD623432C9}.Debug|Any CPU.ActiveCfg = Debug|Any CPU
		{F7DA7B34-A69D-431F-A7CA-22DD623432C9}.Debug|Any CPU.Build.0 = Debug|Any CPU
		{F7DA7B34-A69D-431F-A7CA-22DD623432C9}.Release|Any CPU.ActiveCfg = Release|Any CPU
		{F7DA7B34-A69D-431F-A7CA-22DD623432C9}.Release|Any CPU.Build.0 = Release|Any CPU
	EndGlobalSection
	GlobalSection(SolutionProperties) = preSolution
		HideSolutionNode = FALSE
	EndGlobalSection
EndGlobal
