
Microsoft Visual Studio Solution File, Format Version 12.00
# Visual Studio 2012
Project("{FAE04EC0-301F-11D3-BF4B-00C04F79EFBC}") = "files", "files\files.csproj", "{96FBAAE5-13BD-4329-915B-7F461E3A768F}"
EndProject
Project("{FAE04EC0-301F-11D3-BF4B-00C04F79EFBC}") = "streamDemo", "streamDemo\streamDemo.csproj", "{2A5A6333-9FB4-4D3C-AE10-5B7B5ADC387B}"
EndProject
Project("{FAE04EC0-301F-11D3-BF4B-00C04F79EFBC}") = "fileWritingDemo", "fileWritingDemo\fileWritingDemo.csproj", "{E741B407-1657-47ED-B2E9-FF4CE3C12CDF}"
EndProject
Project("{FAE04EC0-301F-11D3-BF4B-00C04F79EFBC}") = "files2", "files2\files2.csproj", "{B50536B0-4081-42DC-8531-8203416E7525}"
EndProject
Project("{FAE04EC0-301F-11D3-BF4B-00C04F79EFBC}") = "SearshFiles", "SearshFiles\SearshFiles.csproj", "{4C1D1B6A-C768-45A1-B1E6-7221E5477DEF}"
EndProject
Global
	GlobalSection(SolutionConfigurationPlatforms) = preSolution
		Debug|Any CPU = Debug|Any CPU
		Release|Any CPU = Release|Any CPU
	EndGlobalSection
	GlobalSection(ProjectConfigurationPlatforms) = postSolution
		{96FBAAE5-13BD-4329-915B-7F461E3A768F}.Debug|Any CPU.ActiveCfg = Debug|Any CPU
		{96FBAAE5-13BD-4329-915B-7F461E3A768F}.Debug|Any CPU.Build.0 = Debug|Any CPU
		{96FBAAE5-13BD-4329-915B-7F461E3A768F}.Release|Any CPU.ActiveCfg = Release|Any CPU
		{96FBAAE5-13BD-4329-915B-7F461E3A768F}.Release|Any CPU.Build.0 = Release|Any CPU
		{2A5A6333-9FB4-4D3C-AE10-5B7B5ADC387B}.Debug|Any CPU.ActiveCfg = Debug|Any CPU
		{2A5A6333-9FB4-4D3C-AE10-5B7B5ADC387B}.Debug|Any CPU.Build.0 = Debug|Any CPU
		{2A5A6333-9FB4-4D3C-AE10-5B7B5ADC387B}.Release|Any CPU.ActiveCfg = Release|Any CPU
		{2A5A6333-9FB4-4D3C-AE10-5B7B5ADC387B}.Release|Any CPU.Build.0 = Release|Any CPU
		{E741B407-1657-47ED-B2E9-FF4CE3C12CDF}.Debug|Any CPU.ActiveCfg = Debug|Any CPU
		{E741B407-1657-47ED-B2E9-FF4CE3C12CDF}.Debug|Any CPU.Build.0 = Debug|Any CPU
		{E741B407-1657-47ED-B2E9-FF4CE3C12CDF}.Release|Any CPU.ActiveCfg = Release|Any CPU
		{E741B407-1657-47ED-B2E9-FF4CE3C12CDF}.Release|Any CPU.Build.0 = Release|Any CPU
		{B50536B0-4081-42DC-8531-8203416E7525}.Debug|Any CPU.ActiveCfg = Debug|Any CPU
		{B50536B0-4081-42DC-8531-8203416E7525}.Debug|Any CPU.Build.0 = Debug|Any CPU
		{B50536B0-4081-42DC-8531-8203416E7525}.Release|Any CPU.ActiveCfg = Release|Any CPU
		{B50536B0-4081-42DC-8531-8203416E7525}.Release|Any CPU.Build.0 = Release|Any CPU
		{4C1D1B6A-C768-45A1-B1E6-7221E5477DEF}.Debug|Any CPU.ActiveCfg = Debug|Any CPU
		{4C1D1B6A-C768-45A1-B1E6-7221E5477DEF}.Debug|Any CPU.Build.0 = Debug|Any CPU
		{4C1D1B6A-C768-45A1-B1E6-7221E5477DEF}.Release|Any CPU.ActiveCfg = Release|Any CPU
		{4C1D1B6A-C768-45A1-B1E6-7221E5477DEF}.Release|Any CPU.Build.0 = Release|Any CPU
	EndGlobalSection
	GlobalSection(SolutionProperties) = preSolution
		HideSolutionNode = FALSE
	EndGlobalSection
EndGlobal
